// !$*UTF8*$!
{
	archiveVersion = 1;
	classes = {
	};
	objectVersion = 56;
	objects = {

/* Begin PBXBuildFile section */
		CA44DC802A1C51E500129C2E /* GoogleSignIn in Frameworks */ = {isa = PBXBuildFile; productRef = CA44DC7F2A1C51E500129C2E /* GoogleSignIn */; };
		CA44DC822A1C51E500129C2E /* GoogleSignInSwift in Frameworks */ = {isa = PBXBuildFile; productRef = CA44DC812A1C51E500129C2E /* GoogleSignInSwift */; };
		CA745A852A1D8EF50037A52F /* GoogleService-Info.plist in Resources */ = {isa = PBXBuildFile; fileRef = CA745A842A1D8EF40037A52F /* GoogleService-Info.plist */; };
		CA82500D2A158389003481FF /* Extensions.swift in Sources */ = {isa = PBXBuildFile; fileRef = CA82500C2A158389003481FF /* Extensions.swift */; };
		CAEE11502A1434DF00312E48 /* TaskhubApp.swift in Sources */ = {isa = PBXBuildFile; fileRef = CAEE114F2A1434DF00312E48 /* TaskhubApp.swift */; };
		CAEE11522A1434DF00312E48 /* MainView.swift in Sources */ = {isa = PBXBuildFile; fileRef = CAEE11512A1434DF00312E48 /* MainView.swift */; };
		CAEE11542A1434E200312E48 /* Assets.xcassets in Resources */ = {isa = PBXBuildFile; fileRef = CAEE11532A1434E200312E48 /* Assets.xcassets */; };
		CAEE11572A1434E200312E48 /* Preview Assets.xcassets in Resources */ = {isa = PBXBuildFile; fileRef = CAEE11562A1434E200312E48 /* Preview Assets.xcassets */; };
		CAEE11612A14360F00312E48 /* FirebaseAuth in Frameworks */ = {isa = PBXBuildFile; productRef = CAEE11602A14360F00312E48 /* FirebaseAuth */; };
		CAEE11632A14360F00312E48 /* FirebaseFirestore in Frameworks */ = {isa = PBXBuildFile; productRef = CAEE11622A14360F00312E48 /* FirebaseFirestore */; };
		CAEE11652A14360F00312E48 /* FirebaseFirestoreSwift in Frameworks */ = {isa = PBXBuildFile; productRef = CAEE11642A14360F00312E48 /* FirebaseFirestoreSwift */; };
		CAEE116B2A14378100312E48 /* ProfileView.swift in Sources */ = {isa = PBXBuildFile; fileRef = CAEE116A2A14378100312E48 /* ProfileView.swift */; };
		CAEE116D2A14380300312E48 /* TasksListView.swift in Sources */ = {isa = PBXBuildFile; fileRef = CAEE116C2A14380300312E48 /* TasksListView.swift */; };
		CAEE116F2A14384200312E48 /* NewTaskView.swift in Sources */ = {isa = PBXBuildFile; fileRef = CAEE116E2A14384200312E48 /* NewTaskView.swift */; };
		CAEE11712A14386D00312E48 /* LoginView.swift in Sources */ = {isa = PBXBuildFile; fileRef = CAEE11702A14386D00312E48 /* LoginView.swift */; };
		CAEE11732A14392100312E48 /* RegisterView.swift in Sources */ = {isa = PBXBuildFile; fileRef = CAEE11722A14392100312E48 /* RegisterView.swift */; };
		CAEE11752A14396900312E48 /* TaskView.swift in Sources */ = {isa = PBXBuildFile; fileRef = CAEE11742A14396900312E48 /* TaskView.swift */; };
		CAEE11772A1439C000312E48 /* User.swift in Sources */ = {isa = PBXBuildFile; fileRef = CAEE11762A1439C000312E48 /* User.swift */; };
		CAEE11792A1439DC00312E48 /* Task.swift in Sources */ = {isa = PBXBuildFile; fileRef = CAEE11782A1439DC00312E48 /* Task.swift */; };
		CAEE117B2A143ECA00312E48 /* MainViewViewModel.swift in Sources */ = {isa = PBXBuildFile; fileRef = CAEE117A2A143ECA00312E48 /* MainViewViewModel.swift */; };
		CAEE117D2A143EDA00312E48 /* ProfileViewViewModel.swift in Sources */ = {isa = PBXBuildFile; fileRef = CAEE117C2A143EDA00312E48 /* ProfileViewViewModel.swift */; };
		CAEE117F2A143EED00312E48 /* TasksListViewViewModel.swift in Sources */ = {isa = PBXBuildFile; fileRef = CAEE117E2A143EED00312E48 /* TasksListViewViewModel.swift */; };
		CAEE11812A143EFE00312E48 /* NewTaskViewViewModel.swift in Sources */ = {isa = PBXBuildFile; fileRef = CAEE11802A143EFE00312E48 /* NewTaskViewViewModel.swift */; };
		CAEE11832A143F0F00312E48 /* LoginViewViewModel.swift in Sources */ = {isa = PBXBuildFile; fileRef = CAEE11822A143F0F00312E48 /* LoginViewViewModel.swift */; };
		CAEE11852A143F2300312E48 /* RegisterViewViewModel.swift in Sources */ = {isa = PBXBuildFile; fileRef = CAEE11842A143F2300312E48 /* RegisterViewViewModel.swift */; };
		CAEE11872A143F3100312E48 /* TaskViewViewModel.swift in Sources */ = {isa = PBXBuildFile; fileRef = CAEE11862A143F3100312E48 /* TaskViewViewModel.swift */; };
		CAEE11892A144A1100312E48 /* HeaderView.swift in Sources */ = {isa = PBXBuildFile; fileRef = CAEE11882A144A1100312E48 /* HeaderView.swift */; };
		CAEE118B2A147E4E00312E48 /* THButton.swift in Sources */ = {isa = PBXBuildFile; fileRef = CAEE118A2A147E4E00312E48 /* THButton.swift */; };
		CAFA95912A1769A4006D8E76 /* Launch Screen.storyboard in Resources */ = {isa = PBXBuildFile; fileRef = CAFA95902A1769A4006D8E76 /* Launch Screen.storyboard */; };
/* End PBXBuildFile section */

/* Begin PBXFileReference section */
		CA745A832A1D40040037A52F /* Taskhub.entitlements */ = {isa = PBXFileReference; lastKnownFileType = text.plist.entitlements; path = Taskhub.entitlements; sourceTree = "<group>"; };
		CA745A842A1D8EF40037A52F /* GoogleService-Info.plist */ = {isa = PBXFileReference; fileEncoding = 4; lastKnownFileType = text.plist.xml; path = "GoogleService-Info.plist"; sourceTree = "<group>"; };
		CA82500C2A158389003481FF /* Extensions.swift */ = {isa = PBXFileReference; lastKnownFileType = sourcecode.swift; path = Extensions.swift; sourceTree = "<group>"; };
		CAEE114C2A1434DF00312E48 /* Taskhub.app */ = {isa = PBXFileReference; explicitFileType = wrapper.application; includeInIndex = 0; path = Taskhub.app; sourceTree = BUILT_PRODUCTS_DIR; };
		CAEE114F2A1434DF00312E48 /* TaskhubApp.swift */ = {isa = PBXFileReference; lastKnownFileType = sourcecode.swift; path = TaskhubApp.swift; sourceTree = "<group>"; };
		CAEE11512A1434DF00312E48 /* MainView.swift */ = {isa = PBXFileReference; lastKnownFileType = sourcecode.swift; path = MainView.swift; sourceTree = "<group>"; };
		CAEE11532A1434E200312E48 /* Assets.xcassets */ = {isa = PBXFileReference; lastKnownFileType = folder.assetcatalog; path = Assets.xcassets; sourceTree = "<group>"; };
		CAEE11562A1434E200312E48 /* Preview Assets.xcassets */ = {isa = PBXFileReference; lastKnownFileType = folder.assetcatalog; path = "Preview Assets.xcassets"; sourceTree = "<group>"; };
		CAEE116A2A14378100312E48 /* ProfileView.swift */ = {isa = PBXFileReference; lastKnownFileType = sourcecode.swift; path = ProfileView.swift; sourceTree = "<group>"; };
		CAEE116C2A14380300312E48 /* TasksListView.swift */ = {isa = PBXFileReference; lastKnownFileType = sourcecode.swift; path = TasksListView.swift; sourceTree = "<group>"; };
		CAEE116E2A14384200312E48 /* NewTaskView.swift */ = {isa = PBXFileReference; lastKnownFileType = sourcecode.swift; path = NewTaskView.swift; sourceTree = "<group>"; };
		CAEE11702A14386D00312E48 /* LoginView.swift */ = {isa = PBXFileReference; lastKnownFileType = sourcecode.swift; path = LoginView.swift; sourceTree = "<group>"; };
		CAEE11722A14392100312E48 /* RegisterView.swift */ = {isa = PBXFileReference; lastKnownFileType = sourcecode.swift; path = RegisterView.swift; sourceTree = "<group>"; };
		CAEE11742A14396900312E48 /* TaskView.swift */ = {isa = PBXFileReference; lastKnownFileType = sourcecode.swift; path = TaskView.swift; sourceTree = "<group>"; };
		CAEE11762A1439C000312E48 /* User.swift */ = {isa = PBXFileReference; lastKnownFileType = sourcecode.swift; path = User.swift; sourceTree = "<group>"; };
		CAEE11782A1439DC00312E48 /* Task.swift */ = {isa = PBXFileReference; lastKnownFileType = sourcecode.swift; path = Task.swift; sourceTree = "<group>"; };
		CAEE117A2A143ECA00312E48 /* MainViewViewModel.swift */ = {isa = PBXFileReference; lastKnownFileType = sourcecode.swift; path = MainViewViewModel.swift; sourceTree = "<group>"; };
		CAEE117C2A143EDA00312E48 /* ProfileViewViewModel.swift */ = {isa = PBXFileReference; lastKnownFileType = sourcecode.swift; path = ProfileViewViewModel.swift; sourceTree = "<group>"; };
		CAEE117E2A143EED00312E48 /* TasksListViewViewModel.swift */ = {isa = PBXFileReference; lastKnownFileType = sourcecode.swift; path = TasksListViewViewModel.swift; sourceTree = "<group>"; };
		CAEE11802A143EFE00312E48 /* NewTaskViewViewModel.swift */ = {isa = PBXFileReference; lastKnownFileType = sourcecode.swift; path = NewTaskViewViewModel.swift; sourceTree = "<group>"; };
		CAEE11822A143F0F00312E48 /* LoginViewViewModel.swift */ = {isa = PBXFileReference; lastKnownFileType = sourcecode.swift; path = LoginViewViewModel.swift; sourceTree = "<group>"; };
		CAEE11842A143F2300312E48 /* RegisterViewViewModel.swift */ = {isa = PBXFileReference; lastKnownFileType = sourcecode.swift; path = RegisterViewViewModel.swift; sourceTree = "<group>"; };
		CAEE11862A143F3100312E48 /* TaskViewViewModel.swift */ = {isa = PBXFileReference; lastKnownFileType = sourcecode.swift; path = TaskViewViewModel.swift; sourceTree = "<group>"; };
		CAEE11882A144A1100312E48 /* HeaderView.swift */ = {isa = PBXFileReference; lastKnownFileType = sourcecode.swift; path = HeaderView.swift; sourceTree = "<group>"; };
		CAEE118A2A147E4E00312E48 /* THButton.swift */ = {isa = PBXFileReference; lastKnownFileType = sourcecode.swift; path = THButton.swift; sourceTree = "<group>"; };
		CAFA95902A1769A4006D8E76 /* Launch Screen.storyboard */ = {isa = PBXFileReference; lastKnownFileType = file.storyboard; path = "Launch Screen.storyboard"; sourceTree = "<group>"; };
/* End PBXFileReference section */

/* Begin PBXFrameworksBuildPhase section */
		CAEE11492A1434DF00312E48 /* Frameworks */ = {
			isa = PBXFrameworksBuildPhase;
			buildActionMask = 2147483647;
			files = (
				CA44DC822A1C51E500129C2E /* GoogleSignInSwift in Frameworks */,
				CAEE11612A14360F00312E48 /* FirebaseAuth in Frameworks */,
				CA44DC802A1C51E500129C2E /* GoogleSignIn in Frameworks */,
				CAEE11632A14360F00312E48 /* FirebaseFirestore in Frameworks */,
				CAEE11652A14360F00312E48 /* FirebaseFirestoreSwift in Frameworks */,
			);
			runOnlyForDeploymentPostprocessing = 0;
		};
/* End PBXFrameworksBuildPhase section */

/* Begin PBXGroup section */
		CAEE11432A1434DF00312E48 = {
			isa = PBXGroup;
			children = (
				CAEE114E2A1434DF00312E48 /* Taskhub */,
				CAEE114D2A1434DF00312E48 /* Products */,
			);
			sourceTree = "<group>";
		};
		CAEE114D2A1434DF00312E48 /* Products */ = {
			isa = PBXGroup;
			children = (
				CAEE114C2A1434DF00312E48 /* Taskhub.app */,
			);
			name = Products;
			sourceTree = "<group>";
		};
		CAEE114E2A1434DF00312E48 /* Taskhub */ = {
			isa = PBXGroup;
			children = (
				CA745A832A1D40040037A52F /* Taskhub.entitlements */,
				CAEE11662A14362E00312E48 /* Other */,
				CAEE11692A14365C00312E48 /* Models */,
				CAEE11672A14364200312E48 /* ViewModels */,
				CAEE11682A14365500312E48 /* Views */,
				CAEE11552A1434E200312E48 /* Preview Content */,
			);
			path = Taskhub;
			sourceTree = "<group>";
		};
		CAEE11552A1434E200312E48 /* Preview Content */ = {
			isa = PBXGroup;
			children = (
				CAEE11562A1434E200312E48 /* Preview Assets.xcassets */,
			);
			path = "Preview Content";
			sourceTree = "<group>";
		};
		CAEE11662A14362E00312E48 /* Other */ = {
			isa = PBXGroup;
			children = (
				CA745A842A1D8EF40037A52F /* GoogleService-Info.plist */,
				CAEE11532A1434E200312E48 /* Assets.xcassets */,
				CAEE114F2A1434DF00312E48 /* TaskhubApp.swift */,
				CA82500C2A158389003481FF /* Extensions.swift */,
				CAFA95902A1769A4006D8E76 /* Launch Screen.storyboard */,
			);
			path = Other;
			sourceTree = "<group>";
		};
		CAEE11672A14364200312E48 /* ViewModels */ = {
			isa = PBXGroup;
			children = (
				CAEE117A2A143ECA00312E48 /* MainViewViewModel.swift */,
				CAEE117C2A143EDA00312E48 /* ProfileViewViewModel.swift */,
				CAEE11802A143EFE00312E48 /* NewTaskViewViewModel.swift */,
				CAEE11822A143F0F00312E48 /* LoginViewViewModel.swift */,
				CAEE11842A143F2300312E48 /* RegisterViewViewModel.swift */,
				CAEE117E2A143EED00312E48 /* TasksListViewViewModel.swift */,
				CAEE11862A143F3100312E48 /* TaskViewViewModel.swift */,
			);
			path = ViewModels;
			sourceTree = "<group>";
		};
		CAEE11682A14365500312E48 /* Views */ = {
			isa = PBXGroup;
			children = (
				CAEE11512A1434DF00312E48 /* MainView.swift */,
				CAEE116A2A14378100312E48 /* ProfileView.swift */,
				CAEE116E2A14384200312E48 /* NewTaskView.swift */,
				CAEE11702A14386D00312E48 /* LoginView.swift */,
				CAEE11722A14392100312E48 /* RegisterView.swift */,
				CAEE116C2A14380300312E48 /* TasksListView.swift */,
				CAEE11742A14396900312E48 /* TaskView.swift */,
				CAEE11882A144A1100312E48 /* HeaderView.swift */,
				CAEE118A2A147E4E00312E48 /* THButton.swift */,
			);
			path = Views;
			sourceTree = "<group>";
		};
		CAEE11692A14365C00312E48 /* Models */ = {
			isa = PBXGroup;
			children = (
				CAEE11762A1439C000312E48 /* User.swift */,
				CAEE11782A1439DC00312E48 /* Task.swift */,
			);
			path = Models;
			sourceTree = "<group>";
		};
/* End PBXGroup section */

/* Begin PBXNativeTarget section */
		CAEE114B2A1434DF00312E48 /* Taskhub */ = {
			isa = PBXNativeTarget;
			buildConfigurationList = CAEE115A2A1434E200312E48 /* Build configuration list for PBXNativeTarget "Taskhub" */;
			buildPhases = (
				CAEE11482A1434DF00312E48 /* Sources */,
				CAEE11492A1434DF00312E48 /* Frameworks */,
				CAEE114A2A1434DF00312E48 /* Resources */,
			);
			buildRules = (
			);
			dependencies = (
			);
			name = Taskhub;
			packageProductDependencies = (
				CAEE11602A14360F00312E48 /* FirebaseAuth */,
				CAEE11622A14360F00312E48 /* FirebaseFirestore */,
				CAEE11642A14360F00312E48 /* FirebaseFirestoreSwift */,
				CA44DC7F2A1C51E500129C2E /* GoogleSignIn */,
				CA44DC812A1C51E500129C2E /* GoogleSignInSwift */,
			);
			productName = Taskhub;
			productReference = CAEE114C2A1434DF00312E48 /* Taskhub.app */;
			productType = "com.apple.product-type.application";
		};
/* End PBXNativeTarget section */

/* Begin PBXProject section */
		CAEE11442A1434DF00312E48 /* Project object */ = {
			isa = PBXProject;
			attributes = {
				BuildIndependentTargetsInParallel = 1;
				LastSwiftUpdateCheck = 1420;
				LastUpgradeCheck = 1420;
				TargetAttributes = {
					CAEE114B2A1434DF00312E48 = {
						CreatedOnToolsVersion = 14.2;
					};
				};
			};
			buildConfigurationList = CAEE11472A1434DF00312E48 /* Build configuration list for PBXProject "Taskhub" */;
			compatibilityVersion = "Xcode 14.0";
			developmentRegion = en;
			hasScannedForEncodings = 0;
			knownRegions = (
				en,
				Base,
			);
			mainGroup = CAEE11432A1434DF00312E48;
			packageReferences = (
				CAEE115F2A14360F00312E48 /* XCRemoteSwiftPackageReference "firebase-ios-sdk" */,
				CA44DC7E2A1C51E500129C2E /* XCRemoteSwiftPackageReference "GoogleSignIn-iOS" */,
			);
			productRefGroup = CAEE114D2A1434DF00312E48 /* Products */;
			projectDirPath = "";
			projectRoot = "";
			targets = (
				CAEE114B2A1434DF00312E48 /* Taskhub */,
			);
		};
/* End PBXProject section */

/* Begin PBXResourcesBuildPhase section */
		CAEE114A2A1434DF00312E48 /* Resources */ = {
			isa = PBXResourcesBuildPhase;
			buildActionMask = 2147483647;
			files = (
				CAEE11572A1434E200312E48 /* Preview Assets.xcassets in Resources */,
				CAEE11542A1434E200312E48 /* Assets.xcassets in Resources */,
				CAFA95912A1769A4006D8E76 /* Launch Screen.storyboard in Resources */,
				CA745A852A1D8EF50037A52F /* GoogleService-Info.plist in Resources */,
			);
			runOnlyForDeploymentPostprocessing = 0;
		};
/* End PBXResourcesBuildPhase section */

/* Begin PBXSourcesBuildPhase section */
		CAEE11482A1434DF00312E48 /* Sources */ = {
			isa = PBXSourcesBuildPhase;
			buildActionMask = 2147483647;
			files = (
				CAEE11712A14386D00312E48 /* LoginView.swift in Sources */,
				CAEE11892A144A1100312E48 /* HeaderView.swift in Sources */,
				CAEE11522A1434DF00312E48 /* MainView.swift in Sources */,
				CAEE11852A143F2300312E48 /* RegisterViewViewModel.swift in Sources */,
				CAEE117B2A143ECA00312E48 /* MainViewViewModel.swift in Sources */,
				CAEE11792A1439DC00312E48 /* Task.swift in Sources */,
				CAEE118B2A147E4E00312E48 /* THButton.swift in Sources */,
				CAEE117F2A143EED00312E48 /* TasksListViewViewModel.swift in Sources */,
				CAEE116F2A14384200312E48 /* NewTaskView.swift in Sources */,
				CAEE11872A143F3100312E48 /* TaskViewViewModel.swift in Sources */,
				CAEE117D2A143EDA00312E48 /* ProfileViewViewModel.swift in Sources */,
				CAEE11732A14392100312E48 /* RegisterView.swift in Sources */,
				CAEE116B2A14378100312E48 /* ProfileView.swift in Sources */,
				CAEE11772A1439C000312E48 /* User.swift in Sources */,
				CAEE11832A143F0F00312E48 /* LoginViewViewModel.swift in Sources */,
				CA82500D2A158389003481FF /* Extensions.swift in Sources */,
				CAEE11502A1434DF00312E48 /* TaskhubApp.swift in Sources */,
				CAEE116D2A14380300312E48 /* TasksListView.swift in Sources */,
				CAEE11752A14396900312E48 /* TaskView.swift in Sources */,
				CAEE11812A143EFE00312E48 /* NewTaskViewViewModel.swift in Sources */,
			);
			runOnlyForDeploymentPostprocessing = 0;
		};
/* End PBXSourcesBuildPhase section */

/* Begin XCBuildConfiguration section */
		CAEE11582A1434E200312E48 /* Debug */ = {
			isa = XCBuildConfiguration;
			buildSettings = {
				ALWAYS_SEARCH_USER_PATHS = NO;
				CLANG_ANALYZER_NONNULL = YES;
				CLANG_ANALYZER_NUMBER_OBJECT_CONVERSION = YES_AGGRESSIVE;
				CLANG_CXX_LANGUAGE_STANDARD = "gnu++20";
				CLANG_ENABLE_MODULES = YES;
				CLANG_ENABLE_OBJC_ARC = YES;
				CLANG_ENABLE_OBJC_WEAK = YES;
				CLANG_WARN_BLOCK_CAPTURE_AUTORELEASING = YES;
				CLANG_WARN_BOOL_CONVERSION = YES;
				CLANG_WARN_COMMA = YES;
				CLANG_WARN_CONSTANT_CONVERSION = YES;
				CLANG_WARN_DEPRECATED_OBJC_IMPLEMENTATIONS = YES;
				CLANG_WARN_DIRECT_OBJC_ISA_USAGE = YES_ERROR;
				CLANG_WARN_DOCUMENTATION_COMMENTS = YES;
				CLANG_WARN_EMPTY_BODY = YES;
				CLANG_WARN_ENUM_CONVERSION = YES;
				CLANG_WARN_INFINITE_RECURSION = YES;
				CLANG_WARN_INT_CONVERSION = YES;
				CLANG_WARN_NON_LITERAL_NULL_CONVERSION = YES;
				CLANG_WARN_OBJC_IMPLICIT_RETAIN_SELF = YES;
				CLANG_WARN_OBJC_LITERAL_CONVERSION = YES;
				CLANG_WARN_OBJC_ROOT_CLASS = YES_ERROR;
				CLANG_WARN_QUOTED_INCLUDE_IN_FRAMEWORK_HEADER = YES;
				CLANG_WARN_RANGE_LOOP_ANALYSIS = YES;
				CLANG_WARN_STRICT_PROTOTYPES = YES;
				CLANG_WARN_SUSPICIOUS_MOVE = YES;
				CLANG_WARN_UNGUARDED_AVAILABILITY = YES_AGGRESSIVE;
				CLANG_WARN_UNREACHABLE_CODE = YES;
				CLANG_WARN__DUPLICATE_METHOD_MATCH = YES;
				COPY_PHASE_STRIP = NO;
				DEBUG_INFORMATION_FORMAT = dwarf;
				ENABLE_STRICT_OBJC_MSGSEND = YES;
				ENABLE_TESTABILITY = YES;
				GCC_C_LANGUAGE_STANDARD = gnu11;
				GCC_DYNAMIC_NO_PIC = NO;
				GCC_NO_COMMON_BLOCKS = YES;
				GCC_OPTIMIZATION_LEVEL = 0;
				GCC_PREPROCESSOR_DEFINITIONS = (
					"DEBUG=1",
					"$(inherited)",
				);
				GCC_WARN_64_TO_32_BIT_CONVERSION = YES;
				GCC_WARN_ABOUT_RETURN_TYPE = YES_ERROR;
				GCC_WARN_UNDECLARED_SELECTOR = YES;
				GCC_WARN_UNINITIALIZED_AUTOS = YES_AGGRESSIVE;
				GCC_WARN_UNUSED_FUNCTION = YES;
				GCC_WARN_UNUSED_VARIABLE = YES;
				IPHONEOS_DEPLOYMENT_TARGET = 16.2;
				MTL_ENABLE_DEBUG_INFO = INCLUDE_SOURCE;
				MTL_FAST_MATH = YES;
				ONLY_ACTIVE_ARCH = YES;
				SDKROOT = iphoneos;
				SWIFT_ACTIVE_COMPILATION_CONDITIONS = DEBUG;
				SWIFT_OPTIMIZATION_LEVEL = "-Onone";
			};
			name = Debug;
		};
		CAEE11592A1434E200312E48 /* Release */ = {
			isa = XCBuildConfiguration;
			buildSettings = {
				ALWAYS_SEARCH_USER_PATHS = NO;
				CLANG_ANALYZER_NONNULL = YES;
				CLANG_ANALYZER_NUMBER_OBJECT_CONVERSION = YES_AGGRESSIVE;
				CLANG_CXX_LANGUAGE_STANDARD = "gnu++20";
				CLANG_ENABLE_MODULES = YES;
				CLANG_ENABLE_OBJC_ARC = YES;
				CLANG_ENABLE_OBJC_WEAK = YES;
				CLANG_WARN_BLOCK_CAPTURE_AUTORELEASING = YES;
				CLANG_WARN_BOOL_CONVERSION = YES;
				CLANG_WARN_COMMA = YES;
				CLANG_WARN_CONSTANT_CONVERSION = YES;
				CLANG_WARN_DEPRECATED_OBJC_IMPLEMENTATIONS = YES;
				CLANG_WARN_DIRECT_OBJC_ISA_USAGE = YES_ERROR;
				CLANG_WARN_DOCUMENTATION_COMMENTS = YES;
				CLANG_WARN_EMPTY_BODY = YES;
				CLANG_WARN_ENUM_CONVERSION = YES;
				CLANG_WARN_INFINITE_RECURSION = YES;
				CLANG_WARN_INT_CONVERSION = YES;
				CLANG_WARN_NON_LITERAL_NULL_CONVERSION = YES;
				CLANG_WARN_OBJC_IMPLICIT_RETAIN_SELF = YES;
				CLANG_WARN_OBJC_LITERAL_CONVERSION = YES;
				CLANG_WARN_OBJC_ROOT_CLASS = YES_ERROR;
				CLANG_WARN_QUOTED_INCLUDE_IN_FRAMEWORK_HEADER = YES;
				CLANG_WARN_RANGE_LOOP_ANALYSIS = YES;
				CLANG_WARN_STRICT_PROTOTYPES = YES;
				CLANG_WARN_SUSPICIOUS_MOVE = YES;
				CLANG_WARN_UNGUARDED_AVAILABILITY = YES_AGGRESSIVE;
				CLANG_WARN_UNREACHABLE_CODE = YES;
				CLANG_WARN__DUPLICATE_METHOD_MATCH = YES;
				COPY_PHASE_STRIP = NO;
				DEBUG_INFORMATION_FORMAT = "dwarf-with-dsym";
				ENABLE_NS_ASSERTIONS = NO;
				ENABLE_STRICT_OBJC_MSGSEND = YES;
				GCC_C_LANGUAGE_STANDARD = gnu11;
				GCC_NO_COMMON_BLOCKS = YES;
				GCC_WARN_64_TO_32_BIT_CONVERSION = YES;
				GCC_WARN_ABOUT_RETURN_TYPE = YES_ERROR;
				GCC_WARN_UNDECLARED_SELECTOR = YES;
				GCC_WARN_UNINITIALIZED_AUTOS = YES_AGGRESSIVE;
				GCC_WARN_UNUSED_FUNCTION = YES;
				GCC_WARN_UNUSED_VARIABLE = YES;
				IPHONEOS_DEPLOYMENT_TARGET = 16.2;
				MTL_ENABLE_DEBUG_INFO = NO;
				MTL_FAST_MATH = YES;
				SDKROOT = iphoneos;
				SWIFT_COMPILATION_MODE = wholemodule;
				SWIFT_OPTIMIZATION_LEVEL = "-O";
				VALIDATE_PRODUCT = YES;
			};
			name = Release;
		};
		CAEE115B2A1434E200312E48 /* Debug */ = {
			isa = XCBuildConfiguration;
			buildSettings = {
				ASSETCATALOG_COMPILER_APPICON_NAME = AppIcon;
				ASSETCATALOG_COMPILER_GLOBAL_ACCENT_COLOR_NAME = AccentColor;
				CODE_SIGN_ENTITLEMENTS = Taskhub/Taskhub.entitlements;
				CODE_SIGN_STYLE = Automatic;
				CURRENT_PROJECT_VERSION = 1;
				DEVELOPMENT_ASSET_PATHS = "\"Taskhub/Preview Content\"";
				DEVELOPMENT_TEAM = 6CS5KZLNNS;
				ENABLE_PREVIEWS = YES;
				GENERATE_INFOPLIST_FILE = YES;
				INFOPLIST_KEY_UIApplicationSceneManifest_Generation = YES;
				INFOPLIST_KEY_UIApplicationSupportsIndirectInputEvents = YES;
				INFOPLIST_KEY_UILaunchScreen_Generation = YES;
				INFOPLIST_KEY_UILaunchStoryboardName = "Launch Screen.storyboard";
				INFOPLIST_KEY_UISupportedInterfaceOrientations_iPad = "UIInterfaceOrientationPortrait UIInterfaceOrientationPortraitUpsideDown UIInterfaceOrientationLandscapeLeft UIInterfaceOrientationLandscapeRight";
				INFOPLIST_KEY_UISupportedInterfaceOrientations_iPhone = "UIInterfaceOrientationPortrait UIInterfaceOrientationLandscapeLeft UIInterfaceOrientationLandscapeRight";
				IPHONEOS_DEPLOYMENT_TARGET = 16.2;
				LD_RUNPATH_SEARCH_PATHS = (
					"$(inherited)",
					"@executable_path/Frameworks",
				);
				MARKETING_VERSION = 1.0;
				PRODUCT_BUNDLE_IDENTIFIER = dev.zhangxijing.Taskhub;
				PRODUCT_NAME = "$(TARGET_NAME)";
				SWIFT_EMIT_LOC_STRINGS = YES;
				SWIFT_VERSION = 5.0;
				TARGETED_DEVICE_FAMILY = "1,2";
			};
			name = Debug;
		};
		CAEE115C2A1434E200312E48 /* Release */ = {
			isa = XCBuildConfiguration;
			buildSettings = {
				ASSETCATALOG_COMPILER_APPICON_NAME = AppIcon;
				ASSETCATALOG_COMPILER_GLOBAL_ACCENT_COLOR_NAME = AccentColor;
				CODE_SIGN_ENTITLEMENTS = Taskhub/Taskhub.entitlements;
				CODE_SIGN_STYLE = Automatic;
				CURRENT_PROJECT_VERSION = 1;
				DEVELOPMENT_ASSET_PATHS = "\"Taskhub/Preview Content\"";
				DEVELOPMENT_TEAM = 6CS5KZLNNS;
				ENABLE_PREVIEWS = YES;
				GENERATE_INFOPLIST_FILE = YES;
				INFOPLIST_KEY_UIApplicationSceneManifest_Generation = YES;
				INFOPLIST_KEY_UIApplicationSupportsIndirectInputEvents = YES;
				INFOPLIST_KEY_UILaunchScreen_Generation = YES;
				INFOPLIST_KEY_UILaunchStoryboardName = "Launch Screen.storyboard";
				INFOPLIST_KEY_UISupportedInterfaceOrientations_iPad = "UIInterfaceOrientationPortrait UIInterfaceOrientationPortraitUpsideDown UIInterfaceOrientationLandscapeLeft UIInterfaceOrientationLandscapeRight";
				INFOPLIST_KEY_UISupportedInterfaceOrientations_iPhone = "UIInterfaceOrientationPortrait UIInterfaceOrientationLandscapeLeft UIInterfaceOrientationLandscapeRight";
				IPHONEOS_DEPLOYMENT_TARGET = 16.2;
				LD_RUNPATH_SEARCH_PATHS = (
					"$(inherited)",
					"@executable_path/Frameworks",
				);
				MARKETING_VERSION = 1.0;
				PRODUCT_BUNDLE_IDENTIFIER = dev.zhangxijing.Taskhub;
				PRODUCT_NAME = "$(TARGET_NAME)";
				SWIFT_EMIT_LOC_STRINGS = YES;
				SWIFT_VERSION = 5.0;
				TARGETED_DEVICE_FAMILY = "1,2";
			};
			name = Release;
		};
/* End XCBuildConfiguration section */

/* Begin XCConfigurationList section */
		CAEE11472A1434DF00312E48 /* Build configuration list for PBXProject "Taskhub" */ = {
			isa = XCConfigurationList;
			buildConfigurations = (
				CAEE11582A1434E200312E48 /* Debug */,
				CAEE11592A1434E200312E48 /* Release */,
			);
			defaultConfigurationIsVisible = 0;
			defaultConfigurationName = Release;
		};
		CAEE115A2A1434E200312E48 /* Build configuration list for PBXNativeTarget "Taskhub" */ = {
			isa = XCConfigurationList;
			buildConfigurations = (
				CAEE115B2A1434E200312E48 /* Debug */,
				CAEE115C2A1434E200312E48 /* Release */,
			);
			defaultConfigurationIsVisible = 0;
			defaultConfigurationName = Release;
		};
/* End XCConfigurationList section */

/* Begin XCRemoteSwiftPackageReference section */
		CA44DC7E2A1C51E500129C2E /* XCRemoteSwiftPackageReference "GoogleSignIn-iOS" */ = {
			isa = XCRemoteSwiftPackageReference;
			repositoryURL = "https://github.com/google/GoogleSignIn-iOS";
			requirement = {
				kind = upToNextMajorVersion;
				minimumVersion = 7.0.0;
			};
		};
		CAEE115F2A14360F00312E48 /* XCRemoteSwiftPackageReference "firebase-ios-sdk" */ = {
			isa = XCRemoteSwiftPackageReference;
			repositoryURL = "https://github.com/firebase/firebase-ios-sdk";
			requirement = {
				kind = upToNextMajorVersion;
				minimumVersion = 9.0.0;
			};
		};
/* End XCRemoteSwiftPackageReference section */

/* Begin XCSwiftPackageProductDependency section */
		CA44DC7F2A1C51E500129C2E /* GoogleSignIn */ = {
			isa = XCSwiftPackageProductDependency;
			package = CA44DC7E2A1C51E500129C2E /* XCRemoteSwiftPackageReference "GoogleSignIn-iOS" */;
			productName = GoogleSignIn;
		};
		CA44DC812A1C51E500129C2E /* GoogleSignInSwift */ = {
			isa = XCSwiftPackageProductDependency;
			package = CA44DC7E2A1C51E500129C2E /* XCRemoteSwiftPackageReference "GoogleSignIn-iOS" */;
			productName = GoogleSignInSwift;
		};
		CAEE11602A14360F00312E48 /* FirebaseAuth */ = {
			isa = XCSwiftPackageProductDependency;
			package = CAEE115F2A14360F00312E48 /* XCRemoteSwiftPackageReference "firebase-ios-sdk" */;
			productName = FirebaseAuth;
		};
		CAEE11622A14360F00312E48 /* FirebaseFirestore */ = {
			isa = XCSwiftPackageProductDependency;
			package = CAEE115F2A14360F00312E48 /* XCRemoteSwiftPackageReference "firebase-ios-sdk" */;
			productName = FirebaseFirestore;
		};
		CAEE11642A14360F00312E48 /* FirebaseFirestoreSwift */ = {
			isa = XCSwiftPackageProductDependency;
			package = CAEE115F2A14360F00312E48 /* XCRemoteSwiftPackageReference "firebase-ios-sdk" */;
			productName = FirebaseFirestoreSwift;
		};
/* End XCSwiftPackageProductDependency section */
	};
	rootObject = CAEE11442A1434DF00312E48 /* Project object */;
}
