// !$*UTF8*$!
{
	archiveVersion = 1;
	classes = {
	};
	objectVersion = 56;
	objects = {

/* Begin PBXBuildFile section */
		CA357C1C2A254A1D0019D5F2 /* TaskhubApp.swift in Sources */ = {isa = PBXBuildFile; fileRef = CA357C1B2A254A1D0019D5F2 /* TaskhubApp.swift */; };
		CA357C1E2A254A1D0019D5F2 /* ContentView.swift in Sources */ = {isa = PBXBuildFile; fileRef = CA357C1D2A254A1D0019D5F2 /* ContentView.swift */; };
		CA357C202A254A200019D5F2 /* Assets.xcassets in Resources */ = {isa = PBXBuildFile; fileRef = CA357C1F2A254A200019D5F2 /* Assets.xcassets */; };
		CA357C232A254A200019D5F2 /* Preview Assets.xcassets in Resources */ = {isa = PBXBuildFile; fileRef = CA357C222A254A200019D5F2 /* Preview Assets.xcassets */; };
		CA357C2C2A254B2A0019D5F2 /* FirebaseAuth in Frameworks */ = {isa = PBXBuildFile; productRef = CA357C2B2A254B2A0019D5F2 /* FirebaseAuth */; };
		CA357C2F2A254B790019D5F2 /* GoogleSignIn in Frameworks */ = {isa = PBXBuildFile; productRef = CA357C2E2A254B790019D5F2 /* GoogleSignIn */; };
		CA357C312A254B790019D5F2 /* GoogleSignInSwift in Frameworks */ = {isa = PBXBuildFile; productRef = CA357C302A254B790019D5F2 /* GoogleSignInSwift */; };
		CA357C372A254F460019D5F2 /* AuthenticationView.swift in Sources */ = {isa = PBXBuildFile; fileRef = CA357C362A254F460019D5F2 /* AuthenticationView.swift */; };
		CA357C392A254F520019D5F2 /* SignupView.swift in Sources */ = {isa = PBXBuildFile; fileRef = CA357C382A254F520019D5F2 /* SignupView.swift */; };
		CA357C3B2A254F650019D5F2 /* LoginView.swift in Sources */ = {isa = PBXBuildFile; fileRef = CA357C3A2A254F650019D5F2 /* LoginView.swift */; };
		CA357C3D2A254F730019D5F2 /* TasksListView.swift in Sources */ = {isa = PBXBuildFile; fileRef = CA357C3C2A254F730019D5F2 /* TasksListView.swift */; };
		CA357C3F2A2553AD0019D5F2 /* TaskView.swift in Sources */ = {isa = PBXBuildFile; fileRef = CA357C3E2A2553AD0019D5F2 /* TaskView.swift */; };
		CA357C412A2553BB0019D5F2 /* NewTaskView.swift in Sources */ = {isa = PBXBuildFile; fileRef = CA357C402A2553BB0019D5F2 /* NewTaskView.swift */; };
		CA357C432A2553C80019D5F2 /* ProfileView.swift in Sources */ = {isa = PBXBuildFile; fileRef = CA357C422A2553C80019D5F2 /* ProfileView.swift */; };
		CA357C452A2555B80019D5F2 /* UserProfile.swift in Sources */ = {isa = PBXBuildFile; fileRef = CA357C442A2555B80019D5F2 /* UserProfile.swift */; };
		CA357C472A2555E30019D5F2 /* Routes.swift in Sources */ = {isa = PBXBuildFile; fileRef = CA357C462A2555E30019D5F2 /* Routes.swift */; };
		CA357C4A2A2556B00019D5F2 /* AuthStore.swift in Sources */ = {isa = PBXBuildFile; fileRef = CA357C492A2556B00019D5F2 /* AuthStore.swift */; };
		CA357C4C2A2557260019D5F2 /* AuthCryptoService.swift in Sources */ = {isa = PBXBuildFile; fileRef = CA357C4B2A2557260019D5F2 /* AuthCryptoService.swift */; };
		CA357C4E2A2557530019D5F2 /* Router.swift in Sources */ = {isa = PBXBuildFile; fileRef = CA357C4D2A2557530019D5F2 /* Router.swift */; };
		CA357C512A2557B30019D5F2 /* AuthenticationViewModel.swift in Sources */ = {isa = PBXBuildFile; fileRef = CA357C502A2557B30019D5F2 /* AuthenticationViewModel.swift */; };
		CA357C532A2557D60019D5F2 /* SignupViewModel.swift in Sources */ = {isa = PBXBuildFile; fileRef = CA357C522A2557D60019D5F2 /* SignupViewModel.swift */; };
		CA357C552A2557F40019D5F2 /* LoginViewModel.swift in Sources */ = {isa = PBXBuildFile; fileRef = CA357C542A2557F40019D5F2 /* LoginViewModel.swift */; };
		CA357C582A255A730019D5F2 /* CustomInput.swift in Sources */ = {isa = PBXBuildFile; fileRef = CA357C572A255A730019D5F2 /* CustomInput.swift */; };
		CA357C5A2A255AD60019D5F2 /* CustomButton.swift in Sources */ = {isa = PBXBuildFile; fileRef = CA357C592A255AD60019D5F2 /* CustomButton.swift */; };
		CA357C5C2A255AF20019D5F2 /* Header.swift in Sources */ = {isa = PBXBuildFile; fileRef = CA357C5B2A255AF20019D5F2 /* Header.swift */; };
		CA357C5E2A255F990019D5F2 /* HeaderView.swift in Sources */ = {isa = PBXBuildFile; fileRef = CA357C5D2A255F990019D5F2 /* HeaderView.swift */; };
		CA357C602A255FAC0019D5F2 /* THButton.swift in Sources */ = {isa = PBXBuildFile; fileRef = CA357C5F2A255FAC0019D5F2 /* THButton.swift */; };
		CA357C622A2562130019D5F2 /* HomeView.swift in Sources */ = {isa = PBXBuildFile; fileRef = CA357C612A2562130019D5F2 /* HomeView.swift */; };
		CA357C652A2580650019D5F2 /* TaskItem.swift in Sources */ = {isa = PBXBuildFile; fileRef = CA357C642A2580650019D5F2 /* TaskItem.swift */; };
		CA357C682A26BC020019D5F2 /* FirebaseFirestore in Frameworks */ = {isa = PBXBuildFile; productRef = CA357C672A26BC020019D5F2 /* FirebaseFirestore */; };
		CA357C6B2A26C0AC0019D5F2 /* Extensions.swift in Sources */ = {isa = PBXBuildFile; fileRef = CA357C6A2A26C0AC0019D5F2 /* Extensions.swift */; };
		CA357C6D2A26C31D0019D5F2 /* UserFirestore.swift in Sources */ = {isa = PBXBuildFile; fileRef = CA357C6C2A26C31D0019D5F2 /* UserFirestore.swift */; };
		CA357C6F2A26DC370019D5F2 /* FirebaseFirestoreSwift in Frameworks */ = {isa = PBXBuildFile; productRef = CA357C6E2A26DC370019D5F2 /* FirebaseFirestoreSwift */; };
		CA357C712A26E95D0019D5F2 /* GoogleService-Info.plist in Resources */ = {isa = PBXBuildFile; fileRef = CA357C702A26E95D0019D5F2 /* GoogleService-Info.plist */; };
		CA357C732A2720830019D5F2 /* TasksListViewModel.swift in Sources */ = {isa = PBXBuildFile; fileRef = CA357C722A2720830019D5F2 /* TasksListViewModel.swift */; };
		CA357C752A27213C0019D5F2 /* TaskViewModel.swift in Sources */ = {isa = PBXBuildFile; fileRef = CA357C742A27213C0019D5F2 /* TaskViewModel.swift */; };
		CA357C772A27229B0019D5F2 /* NewTaskViewModel.swift in Sources */ = {isa = PBXBuildFile; fileRef = CA357C762A27229B0019D5F2 /* NewTaskViewModel.swift */; };
/* End PBXBuildFile section */

/* Begin PBXFileReference section */
		CA357C182A254A1D0019D5F2 /* Taskhub.app */ = {isa = PBXFileReference; explicitFileType = wrapper.application; includeInIndex = 0; path = Taskhub.app; sourceTree = BUILT_PRODUCTS_DIR; };
		CA357C1B2A254A1D0019D5F2 /* TaskhubApp.swift */ = {isa = PBXFileReference; lastKnownFileType = sourcecode.swift; path = TaskhubApp.swift; sourceTree = "<group>"; };
		CA357C1D2A254A1D0019D5F2 /* ContentView.swift */ = {isa = PBXFileReference; lastKnownFileType = sourcecode.swift; path = ContentView.swift; sourceTree = "<group>"; };
		CA357C1F2A254A200019D5F2 /* Assets.xcassets */ = {isa = PBXFileReference; lastKnownFileType = folder.assetcatalog; path = Assets.xcassets; sourceTree = "<group>"; };
		CA357C222A254A200019D5F2 /* Preview Assets.xcassets */ = {isa = PBXFileReference; lastKnownFileType = folder.assetcatalog; path = "Preview Assets.xcassets"; sourceTree = "<group>"; };
		CA357C292A254AF20019D5F2 /* Taskhub.entitlements */ = {isa = PBXFileReference; lastKnownFileType = text.plist.entitlements; path = Taskhub.entitlements; sourceTree = "<group>"; };
		CA357C362A254F460019D5F2 /* AuthenticationView.swift */ = {isa = PBXFileReference; lastKnownFileType = sourcecode.swift; path = AuthenticationView.swift; sourceTree = "<group>"; };
		CA357C382A254F520019D5F2 /* SignupView.swift */ = {isa = PBXFileReference; lastKnownFileType = sourcecode.swift; path = SignupView.swift; sourceTree = "<group>"; };
		CA357C3A2A254F650019D5F2 /* LoginView.swift */ = {isa = PBXFileReference; lastKnownFileType = sourcecode.swift; path = LoginView.swift; sourceTree = "<group>"; };
		CA357C3C2A254F730019D5F2 /* TasksListView.swift */ = {isa = PBXFileReference; lastKnownFileType = sourcecode.swift; path = TasksListView.swift; sourceTree = "<group>"; };
		CA357C3E2A2553AD0019D5F2 /* TaskView.swift */ = {isa = PBXFileReference; lastKnownFileType = sourcecode.swift; path = TaskView.swift; sourceTree = "<group>"; };
		CA357C402A2553BB0019D5F2 /* NewTaskView.swift */ = {isa = PBXFileReference; lastKnownFileType = sourcecode.swift; path = NewTaskView.swift; sourceTree = "<group>"; };
		CA357C422A2553C80019D5F2 /* ProfileView.swift */ = {isa = PBXFileReference; lastKnownFileType = sourcecode.swift; path = ProfileView.swift; sourceTree = "<group>"; };
		CA357C442A2555B80019D5F2 /* UserProfile.swift */ = {isa = PBXFileReference; lastKnownFileType = sourcecode.swift; path = UserProfile.swift; sourceTree = "<group>"; };
		CA357C462A2555E30019D5F2 /* Routes.swift */ = {isa = PBXFileReference; lastKnownFileType = sourcecode.swift; path = Routes.swift; sourceTree = "<group>"; };
		CA357C492A2556B00019D5F2 /* AuthStore.swift */ = {isa = PBXFileReference; lastKnownFileType = sourcecode.swift; path = AuthStore.swift; sourceTree = "<group>"; };
		CA357C4B2A2557260019D5F2 /* AuthCryptoService.swift */ = {isa = PBXFileReference; lastKnownFileType = sourcecode.swift; path = AuthCryptoService.swift; sourceTree = "<group>"; };
		CA357C4D2A2557530019D5F2 /* Router.swift */ = {isa = PBXFileReference; lastKnownFileType = sourcecode.swift; path = Router.swift; sourceTree = "<group>"; };
		CA357C502A2557B30019D5F2 /* AuthenticationViewModel.swift */ = {isa = PBXFileReference; lastKnownFileType = sourcecode.swift; path = AuthenticationViewModel.swift; sourceTree = "<group>"; };
		CA357C522A2557D60019D5F2 /* SignupViewModel.swift */ = {isa = PBXFileReference; lastKnownFileType = sourcecode.swift; path = SignupViewModel.swift; sourceTree = "<group>"; };
		CA357C542A2557F40019D5F2 /* LoginViewModel.swift */ = {isa = PBXFileReference; lastKnownFileType = sourcecode.swift; path = LoginViewModel.swift; sourceTree = "<group>"; };
		CA357C572A255A730019D5F2 /* CustomInput.swift */ = {isa = PBXFileReference; lastKnownFileType = sourcecode.swift; path = CustomInput.swift; sourceTree = "<group>"; };
		CA357C592A255AD60019D5F2 /* CustomButton.swift */ = {isa = PBXFileReference; lastKnownFileType = sourcecode.swift; path = CustomButton.swift; sourceTree = "<group>"; };
		CA357C5B2A255AF20019D5F2 /* Header.swift */ = {isa = PBXFileReference; lastKnownFileType = sourcecode.swift; path = Header.swift; sourceTree = "<group>"; };
		CA357C5D2A255F990019D5F2 /* HeaderView.swift */ = {isa = PBXFileReference; lastKnownFileType = sourcecode.swift; path = HeaderView.swift; sourceTree = "<group>"; };
		CA357C5F2A255FAC0019D5F2 /* THButton.swift */ = {isa = PBXFileReference; lastKnownFileType = sourcecode.swift; path = THButton.swift; sourceTree = "<group>"; };
		CA357C612A2562130019D5F2 /* HomeView.swift */ = {isa = PBXFileReference; lastKnownFileType = sourcecode.swift; path = HomeView.swift; sourceTree = "<group>"; };
		CA357C632A2565CA0019D5F2 /* Info.plist */ = {isa = PBXFileReference; lastKnownFileType = text.plist; path = Info.plist; sourceTree = "<group>"; };
		CA357C642A2580650019D5F2 /* TaskItem.swift */ = {isa = PBXFileReference; lastKnownFileType = sourcecode.swift; path = TaskItem.swift; sourceTree = "<group>"; };
		CA357C6A2A26C0AC0019D5F2 /* Extensions.swift */ = {isa = PBXFileReference; lastKnownFileType = sourcecode.swift; path = Extensions.swift; sourceTree = "<group>"; };
		CA357C6C2A26C31D0019D5F2 /* UserFirestore.swift */ = {isa = PBXFileReference; lastKnownFileType = sourcecode.swift; path = UserFirestore.swift; sourceTree = "<group>"; };
		CA357C702A26E95D0019D5F2 /* GoogleService-Info.plist */ = {isa = PBXFileReference; fileEncoding = 4; lastKnownFileType = text.plist.xml; path = "GoogleService-Info.plist"; sourceTree = "<group>"; };
		CA357C722A2720830019D5F2 /* TasksListViewModel.swift */ = {isa = PBXFileReference; lastKnownFileType = sourcecode.swift; path = TasksListViewModel.swift; sourceTree = "<group>"; };
		CA357C742A27213C0019D5F2 /* TaskViewModel.swift */ = {isa = PBXFileReference; lastKnownFileType = sourcecode.swift; path = TaskViewModel.swift; sourceTree = "<group>"; };
		CA357C762A27229B0019D5F2 /* NewTaskViewModel.swift */ = {isa = PBXFileReference; lastKnownFileType = sourcecode.swift; path = NewTaskViewModel.swift; sourceTree = "<group>"; };
/* End PBXFileReference section */

/* Begin PBXFrameworksBuildPhase section */
		CA357C152A254A1D0019D5F2 /* Frameworks */ = {
			isa = PBXFrameworksBuildPhase;
			buildActionMask = 2147483647;
			files = (
				CA357C6F2A26DC370019D5F2 /* FirebaseFirestoreSwift in Frameworks */,
				CA357C312A254B790019D5F2 /* GoogleSignInSwift in Frameworks */,
				CA357C682A26BC020019D5F2 /* FirebaseFirestore in Frameworks */,
				CA357C2C2A254B2A0019D5F2 /* FirebaseAuth in Frameworks */,
				CA357C2F2A254B790019D5F2 /* GoogleSignIn in Frameworks */,
			);
			runOnlyForDeploymentPostprocessing = 0;
		};
/* End PBXFrameworksBuildPhase section */

/* Begin PBXGroup section */
		CA357C0F2A254A1D0019D5F2 = {
			isa = PBXGroup;
			children = (
				CA357C1A2A254A1D0019D5F2 /* Taskhub */,
				CA357C192A254A1D0019D5F2 /* Products */,
				CA357C662A26BC020019D5F2 /* Frameworks */,
			);
			sourceTree = "<group>";
		};
		CA357C192A254A1D0019D5F2 /* Products */ = {
			isa = PBXGroup;
			children = (
				CA357C182A254A1D0019D5F2 /* Taskhub.app */,
			);
			name = Products;
			sourceTree = "<group>";
		};
		CA357C1A2A254A1D0019D5F2 /* Taskhub */ = {
			isa = PBXGroup;
			children = (
				CA357C482A2556850019D5F2 /* Services */,
				CA357C352A254BB80019D5F2 /* Models */,
				CA357C4F2A25576F0019D5F2 /* ViewModels */,
				CA357C342A254BA70019D5F2 /* Views */,
				CA357C692A26C09A0019D5F2 /* Extensions */,
				CA357C562A255A570019D5F2 /* Components */,
				CA357C292A254AF20019D5F2 /* Taskhub.entitlements */,
				CA357C1B2A254A1D0019D5F2 /* TaskhubApp.swift */,
				CA357C1F2A254A200019D5F2 /* Assets.xcassets */,
				CA357C702A26E95D0019D5F2 /* GoogleService-Info.plist */,
				CA357C632A2565CA0019D5F2 /* Info.plist */,
				CA357C212A254A200019D5F2 /* Preview Content */,
			);
			path = Taskhub;
			sourceTree = "<group>";
		};
		CA357C212A254A200019D5F2 /* Preview Content */ = {
			isa = PBXGroup;
			children = (
				CA357C222A254A200019D5F2 /* Preview Assets.xcassets */,
			);
			path = "Preview Content";
			sourceTree = "<group>";
		};
		CA357C342A254BA70019D5F2 /* Views */ = {
			isa = PBXGroup;
			children = (
				CA357C1D2A254A1D0019D5F2 /* ContentView.swift */,
				CA357C362A254F460019D5F2 /* AuthenticationView.swift */,
				CA357C382A254F520019D5F2 /* SignupView.swift */,
				CA357C3A2A254F650019D5F2 /* LoginView.swift */,
				CA357C612A2562130019D5F2 /* HomeView.swift */,
				CA357C3C2A254F730019D5F2 /* TasksListView.swift */,
				CA357C3E2A2553AD0019D5F2 /* TaskView.swift */,
				CA357C402A2553BB0019D5F2 /* NewTaskView.swift */,
				CA357C422A2553C80019D5F2 /* ProfileView.swift */,
			);
			path = Views;
			sourceTree = "<group>";
		};
		CA357C352A254BB80019D5F2 /* Models */ = {
			isa = PBXGroup;
			children = (
				CA357C442A2555B80019D5F2 /* UserProfile.swift */,
				CA357C6C2A26C31D0019D5F2 /* UserFirestore.swift */,
				CA357C642A2580650019D5F2 /* TaskItem.swift */,
				CA357C4D2A2557530019D5F2 /* Router.swift */,
				CA357C462A2555E30019D5F2 /* Routes.swift */,
			);
			path = Models;
			sourceTree = "<group>";
		};
		CA357C482A2556850019D5F2 /* Services */ = {
			isa = PBXGroup;
			children = (
				CA357C492A2556B00019D5F2 /* AuthStore.swift */,
				CA357C4B2A2557260019D5F2 /* AuthCryptoService.swift */,
			);
			path = Services;
			sourceTree = "<group>";
		};
		CA357C4F2A25576F0019D5F2 /* ViewModels */ = {
			isa = PBXGroup;
			children = (
				CA357C502A2557B30019D5F2 /* AuthenticationViewModel.swift */,
				CA357C522A2557D60019D5F2 /* SignupViewModel.swift */,
				CA357C542A2557F40019D5F2 /* LoginViewModel.swift */,
				CA357C722A2720830019D5F2 /* TasksListViewModel.swift */,
				CA357C742A27213C0019D5F2 /* TaskViewModel.swift */,
				CA357C762A27229B0019D5F2 /* NewTaskViewModel.swift */,
			);
			path = ViewModels;
			sourceTree = "<group>";
		};
		CA357C562A255A570019D5F2 /* Components */ = {
			isa = PBXGroup;
			children = (
				CA357C572A255A730019D5F2 /* CustomInput.swift */,
				CA357C592A255AD60019D5F2 /* CustomButton.swift */,
				CA357C5B2A255AF20019D5F2 /* Header.swift */,
				CA357C5D2A255F990019D5F2 /* HeaderView.swift */,
				CA357C5F2A255FAC0019D5F2 /* THButton.swift */,
			);
			path = Components;
			sourceTree = "<group>";
		};
		CA357C662A26BC020019D5F2 /* Frameworks */ = {
			isa = PBXGroup;
			children = (
			);
			name = Frameworks;
			sourceTree = "<group>";
		};
		CA357C692A26C09A0019D5F2 /* Extensions */ = {
			isa = PBXGroup;
			children = (
				CA357C6A2A26C0AC0019D5F2 /* Extensions.swift */,
			);
			path = Extensions;
			sourceTree = "<group>";
		};
/* End PBXGroup section */

/* Begin PBXNativeTarget section */
		CA357C172A254A1D0019D5F2 /* Taskhub */ = {
			isa = PBXNativeTarget;
			buildConfigurationList = CA357C262A254A200019D5F2 /* Build configuration list for PBXNativeTarget "Taskhub" */;
			buildPhases = (
				CA357C142A254A1D0019D5F2 /* Sources */,
				CA357C152A254A1D0019D5F2 /* Frameworks */,
				CA357C162A254A1D0019D5F2 /* Resources */,
			);
			buildRules = (
			);
			dependencies = (
			);
			name = Taskhub;
			packageProductDependencies = (
				CA357C2B2A254B2A0019D5F2 /* FirebaseAuth */,
				CA357C2E2A254B790019D5F2 /* GoogleSignIn */,
				CA357C302A254B790019D5F2 /* GoogleSignInSwift */,
				CA357C672A26BC020019D5F2 /* FirebaseFirestore */,
				CA357C6E2A26DC370019D5F2 /* FirebaseFirestoreSwift */,
			);
			productName = Taskhub;
			productReference = CA357C182A254A1D0019D5F2 /* Taskhub.app */;
			productType = "com.apple.product-type.application";
		};
/* End PBXNativeTarget section */

/* Begin PBXProject section */
		CA357C102A254A1D0019D5F2 /* Project object */ = {
			isa = PBXProject;
			attributes = {
				BuildIndependentTargetsInParallel = 1;
				LastSwiftUpdateCheck = 1420;
				LastUpgradeCheck = 1420;
				TargetAttributes = {
					CA357C172A254A1D0019D5F2 = {
						CreatedOnToolsVersion = 14.2;
					};
				};
			};
			buildConfigurationList = CA357C132A254A1D0019D5F2 /* Build configuration list for PBXProject "Taskhub" */;
			compatibilityVersion = "Xcode 14.0";
			developmentRegion = en;
			hasScannedForEncodings = 0;
			knownRegions = (
				en,
				Base,
			);
			mainGroup = CA357C0F2A254A1D0019D5F2;
			packageReferences = (
				CA357C2A2A254B2A0019D5F2 /* XCRemoteSwiftPackageReference "firebase-ios-sdk" */,
				CA357C2D2A254B790019D5F2 /* XCRemoteSwiftPackageReference "GoogleSignIn-iOS" */,
			);
			productRefGroup = CA357C192A254A1D0019D5F2 /* Products */;
			projectDirPath = "";
			projectRoot = "";
			targets = (
				CA357C172A254A1D0019D5F2 /* Taskhub */,
			);
		};
/* End PBXProject section */

/* Begin PBXResourcesBuildPhase section */
		CA357C162A254A1D0019D5F2 /* Resources */ = {
			isa = PBXResourcesBuildPhase;
			buildActionMask = 2147483647;
			files = (
				CA357C232A254A200019D5F2 /* Preview Assets.xcassets in Resources */,
				CA357C712A26E95D0019D5F2 /* GoogleService-Info.plist in Resources */,
				CA357C202A254A200019D5F2 /* Assets.xcassets in Resources */,
			);
			runOnlyForDeploymentPostprocessing = 0;
		};
/* End PBXResourcesBuildPhase section */

/* Begin PBXSourcesBuildPhase section */
		CA357C142A254A1D0019D5F2 /* Sources */ = {
			isa = PBXSourcesBuildPhase;
			buildActionMask = 2147483647;
			files = (
				CA357C5C2A255AF20019D5F2 /* Header.swift in Sources */,
				CA357C772A27229B0019D5F2 /* NewTaskViewModel.swift in Sources */,
				CA357C752A27213C0019D5F2 /* TaskViewModel.swift in Sources */,
				CA357C602A255FAC0019D5F2 /* THButton.swift in Sources */,
				CA357C392A254F520019D5F2 /* SignupView.swift in Sources */,
				CA357C5A2A255AD60019D5F2 /* CustomButton.swift in Sources */,
				CA357C4A2A2556B00019D5F2 /* AuthStore.swift in Sources */,
				CA357C532A2557D60019D5F2 /* SignupViewModel.swift in Sources */,
				CA357C432A2553C80019D5F2 /* ProfileView.swift in Sources */,
				CA357C452A2555B80019D5F2 /* UserProfile.swift in Sources */,
				CA357C3F2A2553AD0019D5F2 /* TaskView.swift in Sources */,
				CA357C1E2A254A1D0019D5F2 /* ContentView.swift in Sources */,
				CA357C512A2557B30019D5F2 /* AuthenticationViewModel.swift in Sources */,
				CA357C1C2A254A1D0019D5F2 /* TaskhubApp.swift in Sources */,
				CA357C412A2553BB0019D5F2 /* NewTaskView.swift in Sources */,
				CA357C552A2557F40019D5F2 /* LoginViewModel.swift in Sources */,
				CA357C5E2A255F990019D5F2 /* HeaderView.swift in Sources */,
				CA357C582A255A730019D5F2 /* CustomInput.swift in Sources */,
				CA357C652A2580650019D5F2 /* TaskItem.swift in Sources */,
				CA357C3D2A254F730019D5F2 /* TasksListView.swift in Sources */,
				CA357C472A2555E30019D5F2 /* Routes.swift in Sources */,
				CA357C4E2A2557530019D5F2 /* Router.swift in Sources */,
				CA357C732A2720830019D5F2 /* TasksListViewModel.swift in Sources */,
				CA357C6B2A26C0AC0019D5F2 /* Extensions.swift in Sources */,
				CA357C3B2A254F650019D5F2 /* LoginView.swift in Sources */,
				CA357C6D2A26C31D0019D5F2 /* UserFirestore.swift in Sources */,
				CA357C4C2A2557260019D5F2 /* AuthCryptoService.swift in Sources */,
				CA357C622A2562130019D5F2 /* HomeView.swift in Sources */,
				CA357C372A254F460019D5F2 /* AuthenticationView.swift in Sources */,
			);
			runOnlyForDeploymentPostprocessing = 0;
		};
/* End PBXSourcesBuildPhase section */

/* Begin XCBuildConfiguration section */
		CA357C242A254A200019D5F2 /* Debug */ = {
			isa = XCBuildConfiguration;
			buildSettings = {
				ALWAYS_SEARCH_USER_PATHS = NO;
				CLANG_ANALYZER_NONNULL = YES;
				CLANG_ANALYZER_NUMBER_OBJECT_CONVERSION = YES_AGGRESSIVE;
				CLANG_CXX_LANGUAGE_STANDARD = "gnu++20";
				CLANG_ENABLE_MODULES = YES;
				CLANG_ENABLE_OBJC_ARC = YES;
				CLANG_ENABLE_OBJC_WEAK = YES;
				CLANG_WARN_BLOCK_CAPTURE_AUTORELEASING = YES;
				CLANG_WARN_BOOL_CONVERSION = YES;
				CLANG_WARN_COMMA = YES;
				CLANG_WARN_CONSTANT_CONVERSION = YES;
				CLANG_WARN_DEPRECATED_OBJC_IMPLEMENTATIONS = YES;
				CLANG_WARN_DIRECT_OBJC_ISA_USAGE = YES_ERROR;
				CLANG_WARN_DOCUMENTATION_COMMENTS = YES;
				CLANG_WARN_EMPTY_BODY = YES;
				CLANG_WARN_ENUM_CONVERSION = YES;
				CLANG_WARN_INFINITE_RECURSION = YES;
				CLANG_WARN_INT_CONVERSION = YES;
				CLANG_WARN_NON_LITERAL_NULL_CONVERSION = YES;
				CLANG_WARN_OBJC_IMPLICIT_RETAIN_SELF = YES;
				CLANG_WARN_OBJC_LITERAL_CONVERSION = YES;
				CLANG_WARN_OBJC_ROOT_CLASS = YES_ERROR;
				CLANG_WARN_QUOTED_INCLUDE_IN_FRAMEWORK_HEADER = YES;
				CLANG_WARN_RANGE_LOOP_ANALYSIS = YES;
				CLANG_WARN_STRICT_PROTOTYPES = YES;
				CLANG_WARN_SUSPICIOUS_MOVE = YES;
				CLANG_WARN_UNGUARDED_AVAILABILITY = YES_AGGRESSIVE;
				CLANG_WARN_UNREACHABLE_CODE = YES;
				CLANG_WARN__DUPLICATE_METHOD_MATCH = YES;
				COPY_PHASE_STRIP = NO;
				DEBUG_INFORMATION_FORMAT = dwarf;
				ENABLE_STRICT_OBJC_MSGSEND = YES;
				ENABLE_TESTABILITY = YES;
				GCC_C_LANGUAGE_STANDARD = gnu11;
				GCC_DYNAMIC_NO_PIC = NO;
				GCC_NO_COMMON_BLOCKS = YES;
				GCC_OPTIMIZATION_LEVEL = 0;
				GCC_PREPROCESSOR_DEFINITIONS = (
					"DEBUG=1",
					"$(inherited)",
				);
				GCC_WARN_64_TO_32_BIT_CONVERSION = YES;
				GCC_WARN_ABOUT_RETURN_TYPE = YES_ERROR;
				GCC_WARN_UNDECLARED_SELECTOR = YES;
				GCC_WARN_UNINITIALIZED_AUTOS = YES_AGGRESSIVE;
				GCC_WARN_UNUSED_FUNCTION = YES;
				GCC_WARN_UNUSED_VARIABLE = YES;
				IPHONEOS_DEPLOYMENT_TARGET = 16.2;
				MTL_ENABLE_DEBUG_INFO = INCLUDE_SOURCE;
				MTL_FAST_MATH = YES;
				ONLY_ACTIVE_ARCH = YES;
				SDKROOT = iphoneos;
				SWIFT_ACTIVE_COMPILATION_CONDITIONS = DEBUG;
				SWIFT_OPTIMIZATION_LEVEL = "-Onone";
			};
			name = Debug;
		};
		CA357C252A254A200019D5F2 /* Release */ = {
			isa = XCBuildConfiguration;
			buildSettings = {
				ALWAYS_SEARCH_USER_PATHS = NO;
				CLANG_ANALYZER_NONNULL = YES;
				CLANG_ANALYZER_NUMBER_OBJECT_CONVERSION = YES_AGGRESSIVE;
				CLANG_CXX_LANGUAGE_STANDARD = "gnu++20";
				CLANG_ENABLE_MODULES = YES;
				CLANG_ENABLE_OBJC_ARC = YES;
				CLANG_ENABLE_OBJC_WEAK = YES;
				CLANG_WARN_BLOCK_CAPTURE_AUTORELEASING = YES;
				CLANG_WARN_BOOL_CONVERSION = YES;
				CLANG_WARN_COMMA = YES;
				CLANG_WARN_CONSTANT_CONVERSION = YES;
				CLANG_WARN_DEPRECATED_OBJC_IMPLEMENTATIONS = YES;
				CLANG_WARN_DIRECT_OBJC_ISA_USAGE = YES_ERROR;
				CLANG_WARN_DOCUMENTATION_COMMENTS = YES;
				CLANG_WARN_EMPTY_BODY = YES;
				CLANG_WARN_ENUM_CONVERSION = YES;
				CLANG_WARN_INFINITE_RECURSION = YES;
				CLANG_WARN_INT_CONVERSION = YES;
				CLANG_WARN_NON_LITERAL_NULL_CONVERSION = YES;
				CLANG_WARN_OBJC_IMPLICIT_RETAIN_SELF = YES;
				CLANG_WARN_OBJC_LITERAL_CONVERSION = YES;
				CLANG_WARN_OBJC_ROOT_CLASS = YES_ERROR;
				CLANG_WARN_QUOTED_INCLUDE_IN_FRAMEWORK_HEADER = YES;
				CLANG_WARN_RANGE_LOOP_ANALYSIS = YES;
				CLANG_WARN_STRICT_PROTOTYPES = YES;
				CLANG_WARN_SUSPICIOUS_MOVE = YES;
				CLANG_WARN_UNGUARDED_AVAILABILITY = YES_AGGRESSIVE;
				CLANG_WARN_UNREACHABLE_CODE = YES;
				CLANG_WARN__DUPLICATE_METHOD_MATCH = YES;
				COPY_PHASE_STRIP = NO;
				DEBUG_INFORMATION_FORMAT = "dwarf-with-dsym";
				ENABLE_NS_ASSERTIONS = NO;
				ENABLE_STRICT_OBJC_MSGSEND = YES;
				GCC_C_LANGUAGE_STANDARD = gnu11;
				GCC_NO_COMMON_BLOCKS = YES;
				GCC_WARN_64_TO_32_BIT_CONVERSION = YES;
				GCC_WARN_ABOUT_RETURN_TYPE = YES_ERROR;
				GCC_WARN_UNDECLARED_SELECTOR = YES;
				GCC_WARN_UNINITIALIZED_AUTOS = YES_AGGRESSIVE;
				GCC_WARN_UNUSED_FUNCTION = YES;
				GCC_WARN_UNUSED_VARIABLE = YES;
				IPHONEOS_DEPLOYMENT_TARGET = 16.2;
				MTL_ENABLE_DEBUG_INFO = NO;
				MTL_FAST_MATH = YES;
				SDKROOT = iphoneos;
				SWIFT_COMPILATION_MODE = wholemodule;
				SWIFT_OPTIMIZATION_LEVEL = "-O";
				VALIDATE_PRODUCT = YES;
			};
			name = Release;
		};
		CA357C272A254A200019D5F2 /* Debug */ = {
			isa = XCBuildConfiguration;
			buildSettings = {
				ASSETCATALOG_COMPILER_APPICON_NAME = AppIcon;
				ASSETCATALOG_COMPILER_GLOBAL_ACCENT_COLOR_NAME = AccentColor;
				CODE_SIGN_ENTITLEMENTS = Taskhub/Taskhub.entitlements;
				CODE_SIGN_STYLE = Automatic;
				CURRENT_PROJECT_VERSION = 1;
				DEVELOPMENT_ASSET_PATHS = "\"Taskhub/Preview Content\"";
				DEVELOPMENT_TEAM = 6CS5KZLNNS;
				ENABLE_PREVIEWS = YES;
				GENERATE_INFOPLIST_FILE = YES;
				INFOPLIST_FILE = Taskhub/Info.plist;
				INFOPLIST_KEY_CFBundleDisplayName = Taskhub;
				INFOPLIST_KEY_UIApplicationSceneManifest_Generation = YES;
				INFOPLIST_KEY_UIApplicationSupportsIndirectInputEvents = YES;
				INFOPLIST_KEY_UILaunchScreen_Generation = YES;
				INFOPLIST_KEY_UISupportedInterfaceOrientations = UIInterfaceOrientationPortrait;
				LD_RUNPATH_SEARCH_PATHS = (
					"$(inherited)",
					"@executable_path/Frameworks",
				);
				MARKETING_VERSION = 1.0;
				PRODUCT_BUNDLE_IDENTIFIER = dev.zhangxijing.Taskhub;
				PRODUCT_NAME = "$(TARGET_NAME)";
				SWIFT_EMIT_LOC_STRINGS = YES;
				SWIFT_VERSION = 5.0;
				TARGETED_DEVICE_FAMILY = "1,2";
			};
			name = Debug;
		};
		CA357C282A254A200019D5F2 /* Release */ = {
			isa = XCBuildConfiguration;
			buildSettings = {
				ASSETCATALOG_COMPILER_APPICON_NAME = AppIcon;
				ASSETCATALOG_COMPILER_GLOBAL_ACCENT_COLOR_NAME = AccentColor;
				CODE_SIGN_ENTITLEMENTS = Taskhub/Taskhub.entitlements;
				CODE_SIGN_STYLE = Automatic;
				CURRENT_PROJECT_VERSION = 1;
				DEVELOPMENT_ASSET_PATHS = "\"Taskhub/Preview Content\"";
				DEVELOPMENT_TEAM = 6CS5KZLNNS;
				ENABLE_PREVIEWS = YES;
				GENERATE_INFOPLIST_FILE = YES;
				INFOPLIST_FILE = Taskhub/Info.plist;
				INFOPLIST_KEY_CFBundleDisplayName = Taskhub;
				INFOPLIST_KEY_UIApplicationSceneManifest_Generation = YES;
				INFOPLIST_KEY_UIApplicationSupportsIndirectInputEvents = YES;
				INFOPLIST_KEY_UILaunchScreen_Generation = YES;
				INFOPLIST_KEY_UISupportedInterfaceOrientations = UIInterfaceOrientationPortrait;
				LD_RUNPATH_SEARCH_PATHS = (
					"$(inherited)",
					"@executable_path/Frameworks",
				);
				MARKETING_VERSION = 1.0;
				PRODUCT_BUNDLE_IDENTIFIER = dev.zhangxijing.Taskhub;
				PRODUCT_NAME = "$(TARGET_NAME)";
				SWIFT_EMIT_LOC_STRINGS = YES;
				SWIFT_VERSION = 5.0;
				TARGETED_DEVICE_FAMILY = "1,2";
			};
			name = Release;
		};
/* End XCBuildConfiguration section */

/* Begin XCConfigurationList section */
		CA357C132A254A1D0019D5F2 /* Build configuration list for PBXProject "Taskhub" */ = {
			isa = XCConfigurationList;
			buildConfigurations = (
				CA357C242A254A200019D5F2 /* Debug */,
				CA357C252A254A200019D5F2 /* Release */,
			);
			defaultConfigurationIsVisible = 0;
			defaultConfigurationName = Release;
		};
		CA357C262A254A200019D5F2 /* Build configuration list for PBXNativeTarget "Taskhub" */ = {
			isa = XCConfigurationList;
			buildConfigurations = (
				CA357C272A254A200019D5F2 /* Debug */,
				CA357C282A254A200019D5F2 /* Release */,
			);
			defaultConfigurationIsVisible = 0;
			defaultConfigurationName = Release;
		};
/* End XCConfigurationList section */

/* Begin XCRemoteSwiftPackageReference section */
		CA357C2A2A254B2A0019D5F2 /* XCRemoteSwiftPackageReference "firebase-ios-sdk" */ = {
			isa = XCRemoteSwiftPackageReference;
			repositoryURL = "https://github.com/firebase/firebase-ios-sdk";
			requirement = {
				kind = upToNextMajorVersion;
				minimumVersion = 9.0.0;
			};
		};
		CA357C2D2A254B790019D5F2 /* XCRemoteSwiftPackageReference "GoogleSignIn-iOS" */ = {
			isa = XCRemoteSwiftPackageReference;
			repositoryURL = "https://github.com/google/GoogleSignIn-iOS";
			requirement = {
				kind = upToNextMajorVersion;
				minimumVersion = 7.0.0;
			};
		};
/* End XCRemoteSwiftPackageReference section */

/* Begin XCSwiftPackageProductDependency section */
		CA357C2B2A254B2A0019D5F2 /* FirebaseAuth */ = {
			isa = XCSwiftPackageProductDependency;
			package = CA357C2A2A254B2A0019D5F2 /* XCRemoteSwiftPackageReference "firebase-ios-sdk" */;
			productName = FirebaseAuth;
		};
		CA357C2E2A254B790019D5F2 /* GoogleSignIn */ = {
			isa = XCSwiftPackageProductDependency;
			package = CA357C2D2A254B790019D5F2 /* XCRemoteSwiftPackageReference "GoogleSignIn-iOS" */;
			productName = GoogleSignIn;
		};
		CA357C302A254B790019D5F2 /* GoogleSignInSwift */ = {
			isa = XCSwiftPackageProductDependency;
			package = CA357C2D2A254B790019D5F2 /* XCRemoteSwiftPackageReference "GoogleSignIn-iOS" */;
			productName = GoogleSignInSwift;
		};
		CA357C672A26BC020019D5F2 /* FirebaseFirestore */ = {
			isa = XCSwiftPackageProductDependency;
			package = CA357C2A2A254B2A0019D5F2 /* XCRemoteSwiftPackageReference "firebase-ios-sdk" */;
			productName = FirebaseFirestore;
		};
		CA357C6E2A26DC370019D5F2 /* FirebaseFirestoreSwift */ = {
			isa = XCSwiftPackageProductDependency;
			package = CA357C2A2A254B2A0019D5F2 /* XCRemoteSwiftPackageReference "firebase-ios-sdk" */;
			productName = FirebaseFirestoreSwift;
		};
/* End XCSwiftPackageProductDependency section */
	};
	rootObject = CA357C102A254A1D0019D5F2 /* Project object */;
}
